// !$*UTF8*$!
{
	archiveVersion = 1;
	classes = {
	};
	objectVersion = 46;
	objects = {

/* Begin PBXBuildFile section */
		5B2619ED1F4B2A2600F8CCED /* FBKVOController.m in Sources */ = {isa = PBXBuildFile; fileRef = 5B2619E91F4B2A2600F8CCED /* FBKVOController.m */; };
		5B2619EE1F4B2A2600F8CCED /* NSObject+FBKVOController.m in Sources */ = {isa = PBXBuildFile; fileRef = 5B2619EC1F4B2A2600F8CCED /* NSObject+FBKVOController.m */; };
		5B2EA4D61F49D6B90060E2C4 /* MVVMController.m in Sources */ = {isa = PBXBuildFile; fileRef = 5B2EA4D51F49D6B90060E2C4 /* MVVMController.m */; };
		5B2EA4D91F49D71E0060E2C4 /* MVVMPaper.m in Sources */ = {isa = PBXBuildFile; fileRef = 5B2EA4D81F49D71E0060E2C4 /* MVVMPaper.m */; };
		5B2EA4DC1F49D73C0060E2C4 /* MVVMViewModel.m in Sources */ = {isa = PBXBuildFile; fileRef = 5B2EA4DB1F49D73C0060E2C4 /* MVVMViewModel.m */; };
		5B2EA4E21F49ED040060E2C4 /* MVVMView.m in Sources */ = {isa = PBXBuildFile; fileRef = 5B2EA4E11F49ED040060E2C4 /* MVVMView.m */; };
		5B7F428D1F480DC500CEE766 /* main.m in Sources */ = {isa = PBXBuildFile; fileRef = 5B7F428C1F480DC500CEE766 /* main.m */; };
		5B7F42901F480DC500CEE766 /* AppDelegate.m in Sources */ = {isa = PBXBuildFile; fileRef = 5B7F428F1F480DC500CEE766 /* AppDelegate.m */; };
		5B7F42931F480DC500CEE766 /* ViewController.m in Sources */ = {isa = PBXBuildFile; fileRef = 5B7F42921F480DC500CEE766 /* ViewController.m */; };
		5B7F42961F480DC500CEE766 /* Main.storyboard in Resources */ = {isa = PBXBuildFile; fileRef = 5B7F42941F480DC500CEE766 /* Main.storyboard */; };
		5B7F42981F480DC500CEE766 /* Assets.xcassets in Resources */ = {isa = PBXBuildFile; fileRef = 5B7F42971F480DC500CEE766 /* Assets.xcassets */; };
		5B7F429B1F480DC500CEE766 /* LaunchScreen.storyboard in Resources */ = {isa = PBXBuildFile; fileRef = 5B7F42991F480DC500CEE766 /* LaunchScreen.storyboard */; };
		5B7F42A41F48104800CEE766 /* Manager.m in Sources */ = {isa = PBXBuildFile; fileRef = 5B7F42A31F48104800CEE766 /* Manager.m */; };
		5B7F42A71F48109400CEE766 /* Employee.m in Sources */ = {isa = PBXBuildFile; fileRef = 5B7F42A61F48109400CEE766 /* Employee.m */; };
		5B8727D51F4824B70004BE71 /* MVCController.m in Sources */ = {isa = PBXBuildFile; fileRef = 5B8727D41F4824B70004BE71 /* MVCController.m */; };
		5B8727D81F4825BF0004BE71 /* MVCView.m in Sources */ = {isa = PBXBuildFile; fileRef = 5B8727D71F4825BF0004BE71 /* MVCView.m */; };
		5B8727DB1F4825EC0004BE71 /* Paper.m in Sources */ = {isa = PBXBuildFile; fileRef = 5B8727DA1F4825EC0004BE71 /* Paper.m */; };
		5B8727DF1F4856AB0004BE71 /* MVPController.m in Sources */ = {isa = PBXBuildFile; fileRef = 5B8727DE1F4856AB0004BE71 /* MVPController.m */; };
		5B8727E21F4856DC0004BE71 /* Presenter.m in Sources */ = {isa = PBXBuildFile; fileRef = 5B8727E11F4856DC0004BE71 /* Presenter.m */; };
		5B8727E51F4858200004BE71 /* MVPView.m in Sources */ = {isa = PBXBuildFile; fileRef = 5B8727E41F4858200004BE71 /* MVPView.m */; };
		5B8727E81F48584D0004BE71 /* MVPModel.m in Sources */ = {isa = PBXBuildFile; fileRef = 5B8727E71F48584D0004BE71 /* MVPModel.m */; };
/* End PBXBuildFile section */

/* Begin PBXFileReference section */
		5B2619E81F4B2A2600F8CCED /* FBKVOController.h */ = {isa = PBXFileReference; fileEncoding = 4; lastKnownFileType = sourcecode.c.h; path = FBKVOController.h; sourceTree = "<group>"; };
		5B2619E91F4B2A2600F8CCED /* FBKVOController.m */ = {isa = PBXFileReference; fileEncoding = 4; lastKnownFileType = sourcecode.c.objc; path = FBKVOController.m; sourceTree = "<group>"; };
		5B2619EA1F4B2A2600F8CCED /* KVOController.h */ = {isa = PBXFileReference; fileEncoding = 4; lastKnownFileType = sourcecode.c.h; path = KVOController.h; sourceTree = "<group>"; };
		5B2619EB1F4B2A2600F8CCED /* NSObject+FBKVOController.h */ = {isa = PBXFileReference; fileEncoding = 4; lastKnownFileType = sourcecode.c.h; path = "NSObject+FBKVOController.h"; sourceTree = "<group>"; };
		5B2619EC1F4B2A2600F8CCED /* NSObject+FBKVOController.m */ = {isa = PBXFileReference; fileEncoding = 4; lastKnownFileType = sourcecode.c.objc; path = "NSObject+FBKVOController.m"; sourceTree = "<group>"; };
		5B2EA4D41F49D6B90060E2C4 /* MVVMController.h */ = {isa = PBXFileReference; fileEncoding = 4; lastKnownFileType = sourcecode.c.h; path = MVVMController.h; sourceTree = "<group>"; };
		5B2EA4D51F49D6B90060E2C4 /* MVVMController.m */ = {isa = PBXFileReference; fileEncoding = 4; lastKnownFileType = sourcecode.c.objc; path = MVVMController.m; sourceTree = "<group>"; };
		5B2EA4D71F49D71E0060E2C4 /* MVVMPaper.h */ = {isa = PBXFileReference; fileEncoding = 4; lastKnownFileType = sourcecode.c.h; path = MVVMPaper.h; sourceTree = "<group>"; };
		5B2EA4D81F49D71E0060E2C4 /* MVVMPaper.m */ = {isa = PBXFileReference; fileEncoding = 4; lastKnownFileType = sourcecode.c.objc; path = MVVMPaper.m; sourceTree = "<group>"; };
		5B2EA4DA1F49D73C0060E2C4 /* MVVMViewModel.h */ = {isa = PBXFileReference; fileEncoding = 4; lastKnownFileType = sourcecode.c.h; path = MVVMViewModel.h; sourceTree = "<group>"; };
		5B2EA4DB1F49D73C0060E2C4 /* MVVMViewModel.m */ = {isa = PBXFileReference; fileEncoding = 4; lastKnownFileType = sourcecode.c.objc; path = MVVMViewModel.m; sourceTree = "<group>"; };
		5B2EA4E01F49ED040060E2C4 /* MVVMView.h */ = {isa = PBXFileReference; fileEncoding = 4; lastKnownFileType = sourcecode.c.h; path = MVVMView.h; sourceTree = "<group>"; };
		5B2EA4E11F49ED040060E2C4 /* MVVMView.m */ = {isa = PBXFileReference; fileEncoding = 4; lastKnownFileType = sourcecode.c.objc; path = MVVMView.m; sourceTree = "<group>"; };
		5B7F42881F480DC500CEE766 /* PrintDemo.app */ = {isa = PBXFileReference; explicitFileType = wrapper.application; includeInIndex = 0; path = PrintDemo.app; sourceTree = BUILT_PRODUCTS_DIR; };
		5B7F428C1F480DC500CEE766 /* main.m */ = {isa = PBXFileReference; lastKnownFileType = sourcecode.c.objc; path = main.m; sourceTree = "<group>"; };
		5B7F428E1F480DC500CEE766 /* AppDelegate.h */ = {isa = PBXFileReference; lastKnownFileType = sourcecode.c.h; path = AppDelegate.h; sourceTree = "<group>"; };
		5B7F428F1F480DC500CEE766 /* AppDelegate.m */ = {isa = PBXFileReference; lastKnownFileType = sourcecode.c.objc; path = AppDelegate.m; sourceTree = "<group>"; };
		5B7F42911F480DC500CEE766 /* ViewController.h */ = {isa = PBXFileReference; lastKnownFileType = sourcecode.c.h; path = ViewController.h; sourceTree = "<group>"; };
		5B7F42921F480DC500CEE766 /* ViewController.m */ = {isa = PBXFileReference; lastKnownFileType = sourcecode.c.objc; path = ViewController.m; sourceTree = "<group>"; };
		5B7F42951F480DC500CEE766 /* Base */ = {isa = PBXFileReference; lastKnownFileType = file.storyboard; name = Base; path = Base.lproj/Main.storyboard; sourceTree = "<group>"; };
		5B7F42971F480DC500CEE766 /* Assets.xcassets */ = {isa = PBXFileReference; lastKnownFileType = folder.assetcatalog; path = Assets.xcassets; sourceTree = "<group>"; };
		5B7F429A1F480DC500CEE766 /* Base */ = {isa = PBXFileReference; lastKnownFileType = file.storyboard; name = Base; path = Base.lproj/LaunchScreen.storyboard; sourceTree = "<group>"; };
		5B7F429C1F480DC500CEE766 /* Info.plist */ = {isa = PBXFileReference; lastKnownFileType = text.plist.xml; path = Info.plist; sourceTree = "<group>"; };
		5B7F42A21F48104800CEE766 /* Manager.h */ = {isa = PBXFileReference; fileEncoding = 4; lastKnownFileType = sourcecode.c.h; path = Manager.h; sourceTree = "<group>"; };
		5B7F42A31F48104800CEE766 /* Manager.m */ = {isa = PBXFileReference; fileEncoding = 4; lastKnownFileType = sourcecode.c.objc; path = Manager.m; sourceTree = "<group>"; };
		5B7F42A51F48109400CEE766 /* Employee.h */ = {isa = PBXFileReference; fileEncoding = 4; lastKnownFileType = sourcecode.c.h; path = Employee.h; sourceTree = "<group>"; };
		5B7F42A61F48109400CEE766 /* Employee.m */ = {isa = PBXFileReference; fileEncoding = 4; lastKnownFileType = sourcecode.c.objc; path = Employee.m; sourceTree = "<group>"; };
		5B8727CE1F481FE70004BE71 /* PrintNotification.h */ = {isa = PBXFileReference; lastKnownFileType = sourcecode.c.h; path = PrintNotification.h; sourceTree = "<group>"; };
		5B8727D31F4824B70004BE71 /* MVCController.h */ = {isa = PBXFileReference; fileEncoding = 4; lastKnownFileType = sourcecode.c.h; path = MVCController.h; sourceTree = "<group>"; };
		5B8727D41F4824B70004BE71 /* MVCController.m */ = {isa = PBXFileReference; fileEncoding = 4; lastKnownFileType = sourcecode.c.objc; path = MVCController.m; sourceTree = "<group>"; };
		5B8727D61F4825BF0004BE71 /* MVCView.h */ = {isa = PBXFileReference; fileEncoding = 4; lastKnownFileType = sourcecode.c.h; path = MVCView.h; sourceTree = "<group>"; };
		5B8727D71F4825BF0004BE71 /* MVCView.m */ = {isa = PBXFileReference; fileEncoding = 4; lastKnownFileType = sourcecode.c.objc; path = MVCView.m; sourceTree = "<group>"; };
		5B8727D91F4825EC0004BE71 /* Paper.h */ = {isa = PBXFileReference; fileEncoding = 4; lastKnownFileType = sourcecode.c.h; path = Paper.h; sourceTree = "<group>"; };
		5B8727DA1F4825EC0004BE71 /* Paper.m */ = {isa = PBXFileReference; fileEncoding = 4; lastKnownFileType = sourcecode.c.objc; path = Paper.m; sourceTree = "<group>"; };
		5B8727DD1F4856AB0004BE71 /* MVPController.h */ = {isa = PBXFileReference; fileEncoding = 4; lastKnownFileType = sourcecode.c.h; path = MVPController.h; sourceTree = "<group>"; };
		5B8727DE1F4856AB0004BE71 /* MVPController.m */ = {isa = PBXFileReference; fileEncoding = 4; lastKnownFileType = sourcecode.c.objc; path = MVPController.m; sourceTree = "<group>"; };
		5B8727E01F4856DC0004BE71 /* Presenter.h */ = {isa = PBXFileReference; fileEncoding = 4; lastKnownFileType = sourcecode.c.h; path = Presenter.h; sourceTree = "<group>"; };
		5B8727E11F4856DC0004BE71 /* Presenter.m */ = {isa = PBXFileReference; fileEncoding = 4; lastKnownFileType = sourcecode.c.objc; path = Presenter.m; sourceTree = "<group>"; };
		5B8727E31F4858200004BE71 /* MVPView.h */ = {isa = PBXFileReference; fileEncoding = 4; lastKnownFileType = sourcecode.c.h; path = MVPView.h; sourceTree = "<group>"; };
		5B8727E41F4858200004BE71 /* MVPView.m */ = {isa = PBXFileReference; fileEncoding = 4; lastKnownFileType = sourcecode.c.objc; path = MVPView.m; sourceTree = "<group>"; };
		5B8727E61F48584D0004BE71 /* MVPModel.h */ = {isa = PBXFileReference; fileEncoding = 4; lastKnownFileType = sourcecode.c.h; path = MVPModel.h; sourceTree = "<group>"; };
		5B8727E71F48584D0004BE71 /* MVPModel.m */ = {isa = PBXFileReference; fileEncoding = 4; lastKnownFileType = sourcecode.c.objc; path = MVPModel.m; sourceTree = "<group>"; };
/* End PBXFileReference section */

/* Begin PBXFrameworksBuildPhase section */
		5B7F42851F480DC500CEE766 /* Frameworks */ = {
			isa = PBXFrameworksBuildPhase;
			buildActionMask = 2147483647;
			files = (
			);
			runOnlyForDeploymentPostprocessing = 0;
		};
/* End PBXFrameworksBuildPhase section */

/* Begin PBXGroup section */
		5B2619E71F4B2A0C00F8CCED /* FBKVO */ = {
			isa = PBXGroup;
			children = (
				5B2619E81F4B2A2600F8CCED /* FBKVOController.h */,
				5B2619E91F4B2A2600F8CCED /* FBKVOController.m */,
				5B2619EA1F4B2A2600F8CCED /* KVOController.h */,
				5B2619EB1F4B2A2600F8CCED /* NSObject+FBKVOController.h */,
				5B2619EC1F4B2A2600F8CCED /* NSObject+FBKVOController.m */,
			);
			name = FBKVO;
			sourceTree = "<group>";
		};
		5B2EA4D01F49D67E0060E2C4 /* MVVM */ = {
			isa = PBXGroup;
			children = (
				5B2619E71F4B2A0C00F8CCED /* FBKVO */,
				5B2EA4D41F49D6B90060E2C4 /* MVVMController.h */,
				5B2EA4D51F49D6B90060E2C4 /* MVVMController.m */,
				5B2EA4D71F49D71E0060E2C4 /* MVVMPaper.h */,
				5B2EA4D81F49D71E0060E2C4 /* MVVMPaper.m */,
				5B2EA4DA1F49D73C0060E2C4 /* MVVMViewModel.h */,
				5B2EA4DB1F49D73C0060E2C4 /* MVVMViewModel.m */,
				5B2EA4E01F49ED040060E2C4 /* MVVMView.h */,
				5B2EA4E11F49ED040060E2C4 /* MVVMView.m */,
			);
			name = MVVM;
			sourceTree = "<group>";
		};
		5B7F427F1F480DC500CEE766 = {
			isa = PBXGroup;
			children = (
				5B7F428A1F480DC500CEE766 /* PrintDemo */,
				5B7F42891F480DC500CEE766 /* Products */,
			);
			sourceTree = "<group>";
		};
		5B7F42891F480DC500CEE766 /* Products */ = {
			isa = PBXGroup;
			children = (
				5B7F42881F480DC500CEE766 /* PrintDemo.app */,
			);
			name = Products;
			sourceTree = "<group>";
		};
		5B7F428A1F480DC500CEE766 /* PrintDemo */ = {
			isa = PBXGroup;
			children = (
				5B2EA4D01F49D67E0060E2C4 /* MVVM */,
				5B8727DC1F4853180004BE71 /* MVP */,
				5B8727CF1F48243E0004BE71 /* MVC */,
				5B7F428E1F480DC500CEE766 /* AppDelegate.h */,
				5B7F428F1F480DC500CEE766 /* AppDelegate.m */,
				5B7F42911F480DC500CEE766 /* ViewController.h */,
				5B7F42921F480DC500CEE766 /* ViewController.m */,
				5B7F42941F480DC500CEE766 /* Main.storyboard */,
				5B7F42971F480DC500CEE766 /* Assets.xcassets */,
				5B7F42991F480DC500CEE766 /* LaunchScreen.storyboard */,
				5B7F429C1F480DC500CEE766 /* Info.plist */,
				5B7F428B1F480DC500CEE766 /* Supporting Files */,
				5B7F42A21F48104800CEE766 /* Manager.h */,
				5B7F42A31F48104800CEE766 /* Manager.m */,
				5B7F42A51F48109400CEE766 /* Employee.h */,
				5B7F42A61F48109400CEE766 /* Employee.m */,
				5B8727CE1F481FE70004BE71 /* PrintNotification.h */,
			);
			path = PrintDemo;
			sourceTree = "<group>";
		};
		5B7F428B1F480DC500CEE766 /* Supporting Files */ = {
			isa = PBXGroup;
			children = (
				5B7F428C1F480DC500CEE766 /* main.m */,
			);
			name = "Supporting Files";
			sourceTree = "<group>";
		};
		5B8727CF1F48243E0004BE71 /* MVC */ = {
			isa = PBXGroup;
			children = (
				5B8727D31F4824B70004BE71 /* MVCController.h */,
				5B8727D41F4824B70004BE71 /* MVCController.m */,
				5B8727D61F4825BF0004BE71 /* MVCView.h */,
				5B8727D71F4825BF0004BE71 /* MVCView.m */,
				5B8727D91F4825EC0004BE71 /* Paper.h */,
				5B8727DA1F4825EC0004BE71 /* Paper.m */,
			);
			name = MVC;
			sourceTree = "<group>";
		};
		5B8727DC1F4853180004BE71 /* MVP */ = {
			isa = PBXGroup;
			children = (
				5B8727DD1F4856AB0004BE71 /* MVPController.h */,
				5B8727DE1F4856AB0004BE71 /* MVPController.m */,
				5B8727E01F4856DC0004BE71 /* Presenter.h */,
				5B8727E11F4856DC0004BE71 /* Presenter.m */,
				5B8727E31F4858200004BE71 /* MVPView.h */,
				5B8727E41F4858200004BE71 /* MVPView.m */,
				5B8727E61F48584D0004BE71 /* MVPModel.h */,
				5B8727E71F48584D0004BE71 /* MVPModel.m */,
			);
			name = MVP;
			sourceTree = "<group>";
		};
/* End PBXGroup section */

/* Begin PBXNativeTarget section */
		5B7F42871F480DC500CEE766 /* PrintDemo */ = {
			isa = PBXNativeTarget;
			buildConfigurationList = 5B7F429F1F480DC500CEE766 /* Build configuration list for PBXNativeTarget "PrintDemo" */;
			buildPhases = (
				5B7F42841F480DC500CEE766 /* Sources */,
				5B7F42851F480DC500CEE766 /* Frameworks */,
				5B7F42861F480DC500CEE766 /* Resources */,
			);
			buildRules = (
			);
			dependencies = (
			);
			name = PrintDemo;
			productName = PrintDemo;
			productReference = 5B7F42881F480DC500CEE766 /* PrintDemo.app */;
			productType = "com.apple.product-type.application";
		};
/* End PBXNativeTarget section */

/* Begin PBXProject section */
		5B7F42801F480DC500CEE766 /* Project object */ = {
			isa = PBXProject;
			attributes = {
				LastUpgradeCheck = 0830;
				ORGANIZATIONNAME = "洛洛扥";
				TargetAttributes = {
					5B7F42871F480DC500CEE766 = {
						CreatedOnToolsVersion = 8.3.3;
						DevelopmentTeam = LEET8YUCQM;
						ProvisioningStyle = Automatic;
					};
				};
			};
			buildConfigurationList = 5B7F42831F480DC500CEE766 /* Build configuration list for PBXProject "PrintDemo" */;
			compatibilityVersion = "Xcode 3.2";
			developmentRegion = English;
			hasScannedForEncodings = 0;
			knownRegions = (
				en,
				Base,
			);
			mainGroup = 5B7F427F1F480DC500CEE766;
			productRefGroup = 5B7F42891F480DC500CEE766 /* Products */;
			projectDirPath = "";
			projectRoot = "";
			targets = (
				5B7F42871F480DC500CEE766 /* PrintDemo */,
			);
		};
/* End PBXProject section */

/* Begin PBXResourcesBuildPhase section */
		5B7F42861F480DC500CEE766 /* Resources */ = {
			isa = PBXResourcesBuildPhase;
			buildActionMask = 2147483647;
			files = (
				5B7F429B1F480DC500CEE766 /* LaunchScreen.storyboard in Resources */,
				5B7F42981F480DC500CEE766 /* Assets.xcassets in Resources */,
				5B7F42961F480DC500CEE766 /* Main.storyboard in Resources */,
			);
			runOnlyForDeploymentPostprocessing = 0;
		};
/* End PBXResourcesBuildPhase section */

/* Begin PBXSourcesBuildPhase section */
		5B7F42841F480DC500CEE766 /* Sources */ = {
			isa = PBXSourcesBuildPhase;
			buildActionMask = 2147483647;
			files = (
				5B8727E51F4858200004BE71 /* MVPView.m in Sources */,
				5B2EA4D61F49D6B90060E2C4 /* MVVMController.m in Sources */,
				5B8727E21F4856DC0004BE71 /* Presenter.m in Sources */,
				5B7F42A71F48109400CEE766 /* Employee.m in Sources */,
				5B8727D81F4825BF0004BE71 /* MVCView.m in Sources */,
				5B8727DB1F4825EC0004BE71 /* Paper.m in Sources */,
				5B2EA4E21F49ED040060E2C4 /* MVVMView.m in Sources */,
				5B8727E81F48584D0004BE71 /* MVPModel.m in Sources */,
				5B7F42931F480DC500CEE766 /* ViewController.m in Sources */,
				5B8727DF1F4856AB0004BE71 /* MVPController.m in Sources */,
				5B8727D51F4824B70004BE71 /* MVCController.m in Sources */,
				5B2EA4D91F49D71E0060E2C4 /* MVVMPaper.m in Sources */,
				5B2619EE1F4B2A2600F8CCED /* NSObject+FBKVOController.m in Sources */,
				5B2619ED1F4B2A2600F8CCED /* FBKVOController.m in Sources */,
				5B2EA4DC1F49D73C0060E2C4 /* MVVMViewModel.m in Sources */,
				5B7F42901F480DC500CEE766 /* AppDelegate.m in Sources */,
				5B7F428D1F480DC500CEE766 /* main.m in Sources */,
				5B7F42A41F48104800CEE766 /* Manager.m in Sources */,
			);
			runOnlyForDeploymentPostprocessing = 0;
		};
/* End PBXSourcesBuildPhase section */

/* Begin PBXVariantGroup section */
		5B7F42941F480DC500CEE766 /* Main.storyboard */ = {
			isa = PBXVariantGroup;
			children = (
				5B7F42951F480DC500CEE766 /* Base */,
			);
			name = Main.storyboard;
			sourceTree = "<group>";
		};
		5B7F42991F480DC500CEE766 /* LaunchScreen.storyboard */ = {
			isa = PBXVariantGroup;
			children = (
				5B7F429A1F480DC500CEE766 /* Base */,
			);
			name = LaunchScreen.storyboard;
			sourceTree = "<group>";
		};
/* End PBXVariantGroup section */

/* Begin XCBuildConfiguration section */
		5B7F429D1F480DC500CEE766 /* Debug */ = {
			isa = XCBuildConfiguration;
			buildSettings = {
				ALWAYS_SEARCH_USER_PATHS = NO;
				CLANG_ANALYZER_NONNULL = YES;
				CLANG_ANALYZER_NUMBER_OBJECT_CONVERSION = YES_AGGRESSIVE;
				CLANG_CXX_LANGUAGE_STANDARD = "gnu++0x";
				CLANG_CXX_LIBRARY = "libc++";
				CLANG_ENABLE_MODULES = YES;
				CLANG_ENABLE_OBJC_ARC = YES;
				CLANG_WARN_BOOL_CONVERSION = YES;
				CLANG_WARN_CONSTANT_CONVERSION = YES;
				CLANG_WARN_DIRECT_OBJC_ISA_USAGE = YES_ERROR;
				CLANG_WARN_DOCUMENTATION_COMMENTS = YES;
				CLANG_WARN_EMPTY_BODY = YES;
				CLANG_WARN_ENUM_CONVERSION = YES;
				CLANG_WARN_INFINITE_RECURSION = YES;
				CLANG_WARN_INT_CONVERSION = YES;
				CLANG_WARN_OBJC_ROOT_CLASS = YES_ERROR;
				CLANG_WARN_SUSPICIOUS_MOVE = YES;
				CLANG_WARN_UNREACHABLE_CODE = YES;
				CLANG_WARN__DUPLICATE_METHOD_MATCH = YES;
				"CODE_SIGN_IDENTITY[sdk=iphoneos*]" = "iPhone Developer";
				COPY_PHASE_STRIP = NO;
				DEBUG_INFORMATION_FORMAT = dwarf;
				ENABLE_STRICT_OBJC_MSGSEND = YES;
				ENABLE_TESTABILITY = YES;
				GCC_C_LANGUAGE_STANDARD = gnu99;
				GCC_DYNAMIC_NO_PIC = NO;
				GCC_NO_COMMON_BLOCKS = YES;
				GCC_OPTIMIZATION_LEVEL = 0;
				GCC_PREPROCESSOR_DEFINITIONS = (
					"DEBUG=1",
					"$(inherited)",
				);
				GCC_WARN_64_TO_32_BIT_CONVERSION = YES;
				GCC_WARN_ABOUT_RETURN_TYPE = YES_ERROR;
				GCC_WARN_UNDECLARED_SELECTOR = YES;
				GCC_WARN_UNINITIALIZED_AUTOS = YES_AGGRESSIVE;
				GCC_WARN_UNUSED_FUNCTION = YES;
				GCC_WARN_UNUSED_VARIABLE = YES;
				IPHONEOS_DEPLOYMENT_TARGET = 10.3;
				MTL_ENABLE_DEBUG_INFO = YES;
				ONLY_ACTIVE_ARCH = YES;
				SDKROOT = iphoneos;
			};
			name = Debug;
		};
		5B7F429E1F480DC500CEE766 /* Release */ = {
			isa = XCBuildConfiguration;
			buildSettings = {
				ALWAYS_SEARCH_USER_PATHS = NO;
				CLANG_ANALYZER_NONNULL = YES;
				CLANG_ANALYZER_NUMBER_OBJECT_CONVERSION = YES_AGGRESSIVE;
				CLANG_CXX_LANGUAGE_STANDARD = "gnu++0x";
				CLANG_CXX_LIBRARY = "libc++";
				CLANG_ENABLE_MODULES = YES;
				CLANG_ENABLE_OBJC_ARC = YES;
				CLANG_WARN_BOOL_CONVERSION = YES;
				CLANG_WARN_CONSTANT_CONVERSION = YES;
				CLANG_WARN_DIRECT_OBJC_ISA_USAGE = YES_ERROR;
				CLANG_WARN_DOCUMENTATION_COMMENTS = YES;
				CLANG_WARN_EMPTY_BODY = YES;
				CLANG_WARN_ENUM_CONVERSION = YES;
				CLANG_WARN_INFINITE_RECURSION = YES;
				CLANG_WARN_INT_CONVERSION = YES;
				CLANG_WARN_OBJC_ROOT_CLASS = YES_ERROR;
				CLANG_WARN_SUSPICIOUS_MOVE = YES;
				CLANG_WARN_UNREACHABLE_CODE = YES;
				CLANG_WARN__DUPLICATE_METHOD_MATCH = YES;
				"CODE_SIGN_IDENTITY[sdk=iphoneos*]" = "iPhone Developer";
				COPY_PHASE_STRIP = NO;
				DEBUG_INFORMATION_FORMAT = "dwarf-with-dsym";
				ENABLE_NS_ASSERTIONS = NO;
				ENABLE_STRICT_OBJC_MSGSEND = YES;
				GCC_C_LANGUAGE_STANDARD = gnu99;
				GCC_NO_COMMON_BLOCKS = YES;
				GCC_WARN_64_TO_32_BIT_CONVERSION = YES;
				GCC_WARN_ABOUT_RETURN_TYPE = YES_ERROR;
				GCC_WARN_UNDECLARED_SELECTOR = YES;
				GCC_WARN_UNINITIALIZED_AUTOS = YES_AGGRESSIVE;
				GCC_WARN_UNUSED_FUNCTION = YES;
				GCC_WARN_UNUSED_VARIABLE = YES;
				IPHONEOS_DEPLOYMENT_TARGET = 10.3;
				MTL_ENABLE_DEBUG_INFO = NO;
				SDKROOT = iphoneos;
				VALIDATE_PRODUCT = YES;
			};
			name = Release;
		};
		5B7F42A01F480DC500CEE766 /* Debug */ = {
			isa = XCBuildConfiguration;
			buildSettings = {
				ASSETCATALOG_COMPILER_APPICON_NAME = AppIcon;
				DEVELOPMENT_TEAM = LEET8YUCQM;
				INFOPLIST_FILE = PrintDemo/Info.plist;
				LD_RUNPATH_SEARCH_PATHS = "$(inherited) @executable_path/Frameworks";
				PRODUCT_BUNDLE_IDENTIFIER = org.zhouss.www.PrintDemo;
				PRODUCT_NAME = "$(TARGET_NAME)";
			};
			name = Debug;
		};
		5B7F42A11F480DC500CEE766 /* Release */ = {
			isa = XCBuildConfiguration;
			buildSettings = {
				ASSETCATALOG_COMPILER_APPICON_NAME = AppIcon;
				DEVELOPMENT_TEAM = LEET8YUCQM;
				INFOPLIST_FILE = PrintDemo/Info.plist;
				LD_RUNPATH_SEARCH_PATHS = "$(inherited) @executable_path/Frameworks";
				PRODUCT_BUNDLE_IDENTIFIER = org.zhouss.www.PrintDemo;
				PRODUCT_NAME = "$(TARGET_NAME)";
			};
			name = Release;
		};
/* End XCBuildConfiguration section */

/* Begin XCConfigurationList section */
		5B7F42831F480DC500CEE766 /* Build configuration list for PBXProject "PrintDemo" */ = {
			isa = XCConfigurationList;
			buildConfigurations = (
				5B7F429D1F480DC500CEE766 /* Debug */,
				5B7F429E1F480DC500CEE766 /* Release */,
			);
			defaultConfigurationIsVisible = 0;
			defaultConfigurationName = Release;
		};
		5B7F429F1F480DC500CEE766 /* Build configuration list for PBXNativeTarget "PrintDemo" */ = {
			isa = XCConfigurationList;
			buildConfigurations = (
				5B7F42A01F480DC500CEE766 /* Debug */,
				5B7F42A11F480DC500CEE766 /* Release */,
			);
			defaultConfigurationIsVisible = 0;
			defaultConfigurationName = Release;
		};
/* End XCConfigurationList section */
	};
	rootObject = 5B7F42801F480DC500CEE766 /* Project object */;
}
