// !$*UTF8*$!
{
	archiveVersion = 1;
	classes = {
	};
	objectVersion = 46;
	objects = {

/* Begin PBXBuildFile section */
		5B03C8011E705C9E00D6FC27 /* AppDelegate.swift in Sources */ = {isa = PBXBuildFile; fileRef = 5B03C8001E705C9E00D6FC27 /* AppDelegate.swift */; };
		5B03C8031E705C9E00D6FC27 /* ViewController.swift in Sources */ = {isa = PBXBuildFile; fileRef = 5B03C8021E705C9E00D6FC27 /* ViewController.swift */; };
		5B03C8061E705C9E00D6FC27 /* Main.storyboard in Resources */ = {isa = PBXBuildFile; fileRef = 5B03C8041E705C9E00D6FC27 /* Main.storyboard */; };
		5B03C8081E705C9E00D6FC27 /* Assets.xcassets in Resources */ = {isa = PBXBuildFile; fileRef = 5B03C8071E705C9E00D6FC27 /* Assets.xcassets */; };
		5B03C80B1E705C9E00D6FC27 /* LaunchScreen.storyboard in Resources */ = {isa = PBXBuildFile; fileRef = 5B03C8091E705C9E00D6FC27 /* LaunchScreen.storyboard */; };
		5B7B5D7F1EC6F02400BD8583 /* myClass.swift in Sources */ = {isa = PBXBuildFile; fileRef = 5B7B5D7E1EC6F02400BD8583 /* myClass.swift */; };
/* End PBXBuildFile section */

/* Begin PBXFileReference section */
		5B03C7FD1E705C9E00D6FC27 /* HelloXcode.app */ = {isa = PBXFileReference; explicitFileType = wrapper.application; includeInIndex = 0; path = HelloXcode.app; sourceTree = BUILT_PRODUCTS_DIR; };
		5B03C8001E705C9E00D6FC27 /* AppDelegate.swift */ = {isa = PBXFileReference; lastKnownFileType = sourcecode.swift; path = AppDelegate.swift; sourceTree = "<group>"; };
		5B03C8021E705C9E00D6FC27 /* ViewController.swift */ = {isa = PBXFileReference; lastKnownFileType = sourcecode.swift; path = ViewController.swift; sourceTree = "<group>"; };
		5B03C8051E705C9E00D6FC27 /* Base */ = {isa = PBXFileReference; lastKnownFileType = file.storyboard; name = Base; path = Base.lproj/Main.storyboard; sourceTree = "<group>"; };
		5B03C8071E705C9E00D6FC27 /* Assets.xcassets */ = {isa = PBXFileReference; lastKnownFileType = folder.assetcatalog; path = Assets.xcassets; sourceTree = "<group>"; };
		5B03C80A1E705C9E00D6FC27 /* Base */ = {isa = PBXFileReference; lastKnownFileType = file.storyboard; name = Base; path = Base.lproj/LaunchScreen.storyboard; sourceTree = "<group>"; };
		5B03C80C1E705C9E00D6FC27 /* Info.plist */ = {isa = PBXFileReference; lastKnownFileType = text.plist.xml; path = Info.plist; sourceTree = "<group>"; };
		5B7B5D7E1EC6F02400BD8583 /* myClass.swift */ = {isa = PBXFileReference; fileEncoding = 4; lastKnownFileType = sourcecode.swift; path = myClass.swift; sourceTree = "<group>"; };
/* End PBXFileReference section */

/* Begin PBXFrameworksBuildPhase section */
		5B03C7FA1E705C9D00D6FC27 /* Frameworks */ = {
			isa = PBXFrameworksBuildPhase;
			buildActionMask = 2147483647;
			files = (
			);
			runOnlyForDeploymentPostprocessing = 0;
		};
/* End PBXFrameworksBuildPhase section */

/* Begin PBXGroup section */
		5B03C7F41E705C9D00D6FC27 = {
			isa = PBXGroup;
			children = (
				5B03C7FF1E705C9E00D6FC27 /* HelloXcode */,
				5B03C7FE1E705C9E00D6FC27 /* Products */,
			);
			sourceTree = "<group>";
		};
		5B03C7FE1E705C9E00D6FC27 /* Products */ = {
			isa = PBXGroup;
			children = (
				5B03C7FD1E705C9E00D6FC27 /* HelloXcode.app */,
			);
			name = Products;
			sourceTree = "<group>";
		};
		5B03C7FF1E705C9E00D6FC27 /* HelloXcode */ = {
			isa = PBXGroup;
			children = (
				5B03C8001E705C9E00D6FC27 /* AppDelegate.swift */,
				5B03C8021E705C9E00D6FC27 /* ViewController.swift */,
				5B03C8041E705C9E00D6FC27 /* Main.storyboard */,
				5B03C8071E705C9E00D6FC27 /* Assets.xcassets */,
				5B03C8091E705C9E00D6FC27 /* LaunchScreen.storyboard */,
				5B03C80C1E705C9E00D6FC27 /* Info.plist */,
				5B7B5D7E1EC6F02400BD8583 /* myClass.swift */,
			);
			path = HelloXcode;
			sourceTree = "<group>";
		};
/* End PBXGroup section */

/* Begin PBXNativeTarget section */
		5B03C7FC1E705C9D00D6FC27 /* HelloXcode */ = {
			isa = PBXNativeTarget;
			buildConfigurationList = 5B03C80F1E705C9E00D6FC27 /* Build configuration list for PBXNativeTarget "HelloXcode" */;
			buildPhases = (
				5B03C7F91E705C9D00D6FC27 /* Sources */,
				5B03C7FA1E705C9D00D6FC27 /* Frameworks */,
				5B03C7FB1E705C9D00D6FC27 /* Resources */,
			);
			buildRules = (
			);
			dependencies = (
			);
			name = HelloXcode;
			productName = HelloXcode;
			productReference = 5B03C7FD1E705C9E00D6FC27 /* HelloXcode.app */;
			productType = "com.apple.product-type.application";
		};
/* End PBXNativeTarget section */

/* Begin PBXProject section */
		5B03C7F51E705C9D00D6FC27 /* Project object */ = {
			isa = PBXProject;
			attributes = {
				LastSwiftUpdateCheck = 0820;
				LastUpgradeCheck = 0820;
				ORGANIZATIONNAME = "洛洛扥";
				TargetAttributes = {
					5B03C7FC1E705C9D00D6FC27 = {
						CreatedOnToolsVersion = 8.2.1;
						ProvisioningStyle = Automatic;
					};
				};
			};
			buildConfigurationList = 5B03C7F81E705C9D00D6FC27 /* Build configuration list for PBXProject "HelloXcode" */;
			compatibilityVersion = "Xcode 3.2";
			developmentRegion = English;
			hasScannedForEncodings = 0;
			knownRegions = (
				en,
				Base,
			);
			mainGroup = 5B03C7F41E705C9D00D6FC27;
			productRefGroup = 5B03C7FE1E705C9E00D6FC27 /* Products */;
			projectDirPath = "";
			projectRoot = "";
			targets = (
				5B03C7FC1E705C9D00D6FC27 /* HelloXcode */,
			);
		};
/* End PBXProject section */

/* Begin PBXResourcesBuildPhase section */
		5B03C7FB1E705C9D00D6FC27 /* Resources */ = {
			isa = PBXResourcesBuildPhase;
			buildActionMask = 2147483647;
			files = (
				5B03C80B1E705C9E00D6FC27 /* LaunchScreen.storyboard in Resources */,
				5B03C8081E705C9E00D6FC27 /* Assets.xcassets in Resources */,
				5B03C8061E705C9E00D6FC27 /* Main.storyboard in Resources */,
			);
			runOnlyForDeploymentPostprocessing = 0;
		};
/* End PBXResourcesBuildPhase section */

/* Begin PBXSourcesBuildPhase section */
		5B03C7F91E705C9D00D6FC27 /* Sources */ = {
			isa = PBXSourcesBuildPhase;
			buildActionMask = 2147483647;
			files = (
				5B7B5D7F1EC6F02400BD8583 /* myClass.swift in Sources */,
				5B03C8031E705C9E00D6FC27 /* ViewController.swift in Sources */,
				5B03C8011E705C9E00D6FC27 /* AppDelegate.swift in Sources */,
			);
			runOnlyForDeploymentPostprocessing = 0;
		};
/* End PBXSourcesBuildPhase section */

/* Begin PBXVariantGroup section */
		5B03C8041E705C9E00D6FC27 /* Main.storyboard */ = {
			isa = PBXVariantGroup;
			children = (
				5B03C8051E705C9E00D6FC27 /* Base */,
			);
			name = Main.storyboard;
			sourceTree = "<group>";
		};
		5B03C8091E705C9E00D6FC27 /* LaunchScreen.storyboard */ = {
			isa = PBXVariantGroup;
			children = (
				5B03C80A1E705C9E00D6FC27 /* Base */,
			);
			name = LaunchScreen.storyboard;
			sourceTree = "<group>";
		};
/* End PBXVariantGroup section */

/* Begin XCBuildConfiguration section */
		5B03C80D1E705C9E00D6FC27 /* Debug */ = {
			isa = XCBuildConfiguration;
			buildSettings = {
				ALWAYS_SEARCH_USER_PATHS = NO;
				CLANG_ANALYZER_NONNULL = YES;
				CLANG_CXX_LANGUAGE_STANDARD = "gnu++0x";
				CLANG_CXX_LIBRARY = "libc++";
				CLANG_ENABLE_MODULES = YES;
				CLANG_ENABLE_OBJC_ARC = YES;
				CLANG_WARN_BOOL_CONVERSION = YES;
				CLANG_WARN_CONSTANT_CONVERSION = YES;
				CLANG_WARN_DIRECT_OBJC_ISA_USAGE = YES_ERROR;
				CLANG_WARN_DOCUMENTATION_COMMENTS = YES;
				CLANG_WARN_EMPTY_BODY = YES;
				CLANG_WARN_ENUM_CONVERSION = YES;
				CLANG_WARN_INFINITE_RECURSION = YES;
				CLANG_WARN_INT_CONVERSION = YES;
				CLANG_WARN_OBJC_ROOT_CLASS = YES_ERROR;
				CLANG_WARN_SUSPICIOUS_MOVE = YES;
				CLANG_WARN_UNREACHABLE_CODE = YES;
				CLANG_WARN__DUPLICATE_METHOD_MATCH = YES;
				"CODE_SIGN_IDENTITY[sdk=iphoneos*]" = "iPhone Developer";
				COPY_PHASE_STRIP = NO;
				DEBUG_INFORMATION_FORMAT = dwarf;
				ENABLE_STRICT_OBJC_MSGSEND = YES;
				ENABLE_TESTABILITY = YES;
				GCC_C_LANGUAGE_STANDARD = gnu99;
				GCC_DYNAMIC_NO_PIC = NO;
				GCC_NO_COMMON_BLOCKS = YES;
				GCC_OPTIMIZATION_LEVEL = 0;
				GCC_PREPROCESSOR_DEFINITIONS = (
					"DEBUG=1",
					"$(inherited)",
				);
				GCC_WARN_64_TO_32_BIT_CONVERSION = YES;
				GCC_WARN_ABOUT_RETURN_TYPE = YES_ERROR;
				GCC_WARN_UNDECLARED_SELECTOR = YES;
				GCC_WARN_UNINITIALIZED_AUTOS = YES_AGGRESSIVE;
				GCC_WARN_UNUSED_FUNCTION = YES;
				GCC_WARN_UNUSED_VARIABLE = YES;
				IPHONEOS_DEPLOYMENT_TARGET = 10.2;
				MTL_ENABLE_DEBUG_INFO = YES;
				ONLY_ACTIVE_ARCH = YES;
				SDKROOT = iphoneos;
				SWIFT_ACTIVE_COMPILATION_CONDITIONS = DEBUG;
				SWIFT_OPTIMIZATION_LEVEL = "-Onone";
			};
			name = Debug;
		};
		5B03C80E1E705C9E00D6FC27 /* Release */ = {
			isa = XCBuildConfiguration;
			buildSettings = {
				ALWAYS_SEARCH_USER_PATHS = NO;
				CLANG_ANALYZER_NONNULL = YES;
				CLANG_CXX_LANGUAGE_STANDARD = "gnu++0x";
				CLANG_CXX_LIBRARY = "libc++";
				CLANG_ENABLE_MODULES = YES;
				CLANG_ENABLE_OBJC_ARC = YES;
				CLANG_WARN_BOOL_CONVERSION = YES;
				CLANG_WARN_CONSTANT_CONVERSION = YES;
				CLANG_WARN_DIRECT_OBJC_ISA_USAGE = YES_ERROR;
				CLANG_WARN_DOCUMENTATION_COMMENTS = YES;
				CLANG_WARN_EMPTY_BODY = YES;
				CLANG_WARN_ENUM_CONVERSION = YES;
				CLANG_WARN_INFINITE_RECURSION = YES;
				CLANG_WARN_INT_CONVERSION = YES;
				CLANG_WARN_OBJC_ROOT_CLASS = YES_ERROR;
				CLANG_WARN_SUSPICIOUS_MOVE = YES;
				CLANG_WARN_UNREACHABLE_CODE = YES;
				CLANG_WARN__DUPLICATE_METHOD_MATCH = YES;
				"CODE_SIGN_IDENTITY[sdk=iphoneos*]" = "iPhone Developer";
				COPY_PHASE_STRIP = NO;
				DEBUG_INFORMATION_FORMAT = "dwarf-with-dsym";
				ENABLE_NS_ASSERTIONS = NO;
				ENABLE_STRICT_OBJC_MSGSEND = YES;
				GCC_C_LANGUAGE_STANDARD = gnu99;
				GCC_NO_COMMON_BLOCKS = YES;
				GCC_WARN_64_TO_32_BIT_CONVERSION = YES;
				GCC_WARN_ABOUT_RETURN_TYPE = YES_ERROR;
				GCC_WARN_UNDECLARED_SELECTOR = YES;
				GCC_WARN_UNINITIALIZED_AUTOS = YES_AGGRESSIVE;
				GCC_WARN_UNUSED_FUNCTION = YES;
				GCC_WARN_UNUSED_VARIABLE = YES;
				IPHONEOS_DEPLOYMENT_TARGET = 10.2;
				MTL_ENABLE_DEBUG_INFO = NO;
				SDKROOT = iphoneos;
				SWIFT_OPTIMIZATION_LEVEL = "-Owholemodule";
				VALIDATE_PRODUCT = YES;
			};
			name = Release;
		};
		5B03C8101E705C9E00D6FC27 /* Debug */ = {
			isa = XCBuildConfiguration;
			buildSettings = {
				ASSETCATALOG_COMPILER_APPICON_NAME = AppIcon;
				DEVELOPMENT_TEAM = "";
				INFOPLIST_FILE = HelloXcode/Info.plist;
				LD_RUNPATH_SEARCH_PATHS = "$(inherited) @executable_path/Frameworks";
				PRODUCT_BUNDLE_IDENTIFIER = com.edu.nju.zhouss.HelloXcode;
				PRODUCT_NAME = "$(TARGET_NAME)";
				SWIFT_VERSION = 3.0;
			};
			name = Debug;
		};
		5B03C8111E705C9E00D6FC27 /* Release */ = {
			isa = XCBuildConfiguration;
			buildSettings = {
				ASSETCATALOG_COMPILER_APPICON_NAME = AppIcon;
				DEVELOPMENT_TEAM = "";
				INFOPLIST_FILE = HelloXcode/Info.plist;
				LD_RUNPATH_SEARCH_PATHS = "$(inherited) @executable_path/Frameworks";
				PRODUCT_BUNDLE_IDENTIFIER = com.edu.nju.zhouss.HelloXcode;
				PRODUCT_NAME = "$(TARGET_NAME)";
				SWIFT_VERSION = 3.0;
			};
			name = Release;
		};
/* End XCBuildConfiguration section */

/* Begin XCConfigurationList section */
		5B03C7F81E705C9D00D6FC27 /* Build configuration list for PBXProject "HelloXcode" */ = {
			isa = XCConfigurationList;
			buildConfigurations = (
				5B03C80D1E705C9E00D6FC27 /* Debug */,
				5B03C80E1E705C9E00D6FC27 /* Release */,
			);
			defaultConfigurationIsVisible = 0;
			defaultConfigurationName = Release;
		};
		5B03C80F1E705C9E00D6FC27 /* Build configuration list for PBXNativeTarget "HelloXcode" */ = {
			isa = XCConfigurationList;
			buildConfigurations = (
				5B03C8101E705C9E00D6FC27 /* Debug */,
				5B03C8111E705C9E00D6FC27 /* Release */,
			);
			defaultConfigurationIsVisible = 0;
			defaultConfigurationName = Release;
		};
/* End XCConfigurationList section */
	};
	rootObject = 5B03C7F51E705C9D00D6FC27 /* Project object */;
}
